// !$*UTF8*$!
{
	archiveVersion = 1;
	classes = {
	};
	objectVersion = 46;
	objects = {

/* Begin PBXBuildFile section */
		47A3AB281D5B1F3C0038A476 /* main.m in Sources */ = {isa = PBXBuildFile; fileRef = 47A3AB271D5B1F3C0038A476 /* main.m */; };
		47A3AB2B1D5B1F3C0038A476 /* AppDelegate.m in Sources */ = {isa = PBXBuildFile; fileRef = 47A3AB2A1D5B1F3C0038A476 /* AppDelegate.m */; };
		47A3AB2E1D5B1F3C0038A476 /* ViewController.m in Sources */ = {isa = PBXBuildFile; fileRef = 47A3AB2D1D5B1F3C0038A476 /* ViewController.m */; };
		47A3AB311D5B1F3C0038A476 /* Main.storyboard in Resources */ = {isa = PBXBuildFile; fileRef = 47A3AB2F1D5B1F3C0038A476 /* Main.storyboard */; };
		47A3AB331D5B1F3C0038A476 /* Assets.xcassets in Resources */ = {isa = PBXBuildFile; fileRef = 47A3AB321D5B1F3C0038A476 /* Assets.xcassets */; };
		47A3AB361D5B1F3C0038A476 /* LaunchScreen.storyboard in Resources */ = {isa = PBXBuildFile; fileRef = 47A3AB341D5B1F3C0038A476 /* LaunchScreen.storyboard */; };
		47A3AB3F1D5B1F550038A476 /* FirstViewController.m in Sources */ = {isa = PBXBuildFile; fileRef = 47A3AB3E1D5B1F550038A476 /* FirstViewController.m */; };
		47A3AB421D5C7EBD0038A476 /* DownLoadManager.m in Sources */ = {isa = PBXBuildFile; fileRef = 47A3AB411D5C7EBD0038A476 /* DownLoadManager.m */; };
/* End PBXBuildFile section */

/* Begin PBXFileReference section */
		47A3AB231D5B1F3C0038A476 /* Block.app */ = {isa = PBXFileReference; explicitFileType = wrapper.application; includeInIndex = 0; path = Block.app; sourceTree = BUILT_PRODUCTS_DIR; };
		47A3AB271D5B1F3C0038A476 /* main.m */ = {isa = PBXFileReference; lastKnownFileType = sourcecode.c.objc; path = main.m; sourceTree = "<group>"; };
		47A3AB291D5B1F3C0038A476 /* AppDelegate.h */ = {isa = PBXFileReference; lastKnownFileType = sourcecode.c.h; path = AppDelegate.h; sourceTree = "<group>"; };
		47A3AB2A1D5B1F3C0038A476 /* AppDelegate.m */ = {isa = PBXFileReference; lastKnownFileType = sourcecode.c.objc; path = AppDelegate.m; sourceTree = "<group>"; };
		47A3AB2C1D5B1F3C0038A476 /* ViewController.h */ = {isa = PBXFileReference; lastKnownFileType = sourcecode.c.h; path = ViewController.h; sourceTree = "<group>"; };
		47A3AB2D1D5B1F3C0038A476 /* ViewController.m */ = {isa = PBXFileReference; lastKnownFileType = sourcecode.c.objc; path = ViewController.m; sourceTree = "<group>"; };
		47A3AB301D5B1F3C0038A476 /* Base */ = {isa = PBXFileReference; lastKnownFileType = file.storyboard; name = Base; path = Base.lproj/Main.storyboard; sourceTree = "<group>"; };
		47A3AB321D5B1F3C0038A476 /* Assets.xcassets */ = {isa = PBXFileReference; lastKnownFileType = folder.assetcatalog; path = Assets.xcassets; sourceTree = "<group>"; };
		47A3AB351D5B1F3C0038A476 /* Base */ = {isa = PBXFileReference; lastKnownFileType = file.storyboard; name = Base; path = Base.lproj/LaunchScreen.storyboard; sourceTree = "<group>"; };
		47A3AB371D5B1F3C0038A476 /* Info.plist */ = {isa = PBXFileReference; lastKnownFileType = text.plist.xml; path = Info.plist; sourceTree = "<group>"; };
		47A3AB3D1D5B1F550038A476 /* FirstViewController.h */ = {isa = PBXFileReference; fileEncoding = 4; lastKnownFileType = sourcecode.c.h; path = FirstViewController.h; sourceTree = "<group>"; };
		47A3AB3E1D5B1F550038A476 /* FirstViewController.m */ = {isa = PBXFileReference; fileEncoding = 4; lastKnownFileType = sourcecode.c.objc; path = FirstViewController.m; sourceTree = "<group>"; };
		47A3AB401D5C7EBD0038A476 /* DownLoadManager.h */ = {isa = PBXFileReference; fileEncoding = 4; lastKnownFileType = sourcecode.c.h; path = DownLoadManager.h; sourceTree = "<group>"; };
		47A3AB411D5C7EBD0038A476 /* DownLoadManager.m */ = {isa = PBXFileReference; fileEncoding = 4; lastKnownFileType = sourcecode.c.objc; path = DownLoadManager.m; sourceTree = "<group>"; };
/* End PBXFileReference section */

/* Begin PBXFrameworksBuildPhase section */
		47A3AB201D5B1F3C0038A476 /* Frameworks */ = {
			isa = PBXFrameworksBuildPhase;
			buildActionMask = 2147483647;
			files = (
			);
			runOnlyForDeploymentPostprocessing = 0;
		};
/* End PBXFrameworksBuildPhase section */

/* Begin PBXGroup section */
		47A3AB1A1D5B1F3C0038A476 = {
			isa = PBXGroup;
			children = (
				47A3AB251D5B1F3C0038A476 /* Block */,
				47A3AB241D5B1F3C0038A476 /* Products */,
			);
			sourceTree = "<group>";
		};
		47A3AB241D5B1F3C0038A476 /* Products */ = {
			isa = PBXGroup;
			children = (
				47A3AB231D5B1F3C0038A476 /* Block.app */,
			);
			name = Products;
			sourceTree = "<group>";
		};
		47A3AB251D5B1F3C0038A476 /* Block */ = {
			isa = PBXGroup;
			children = (
				47A3AB291D5B1F3C0038A476 /* AppDelegate.h */,
				47A3AB2A1D5B1F3C0038A476 /* AppDelegate.m */,
				47A3AB2C1D5B1F3C0038A476 /* ViewController.h */,
				47A3AB2D1D5B1F3C0038A476 /* ViewController.m */,
				47A3AB3D1D5B1F550038A476 /* FirstViewController.h */,
				47A3AB3E1D5B1F550038A476 /* FirstViewController.m */,
				47A3AB401D5C7EBD0038A476 /* DownLoadManager.h */,
				47A3AB411D5C7EBD0038A476 /* DownLoadManager.m */,
				47A3AB2F1D5B1F3C0038A476 /* Main.storyboard */,
				47A3AB321D5B1F3C0038A476 /* Assets.xcassets */,
				47A3AB341D5B1F3C0038A476 /* LaunchScreen.storyboard */,
				47A3AB371D5B1F3C0038A476 /* Info.plist */,
				47A3AB261D5B1F3C0038A476 /* Supporting Files */,
			);
			path = Block;
			sourceTree = "<group>";
		};
		47A3AB261D5B1F3C0038A476 /* Supporting Files */ = {
			isa = PBXGroup;
			children = (
				47A3AB271D5B1F3C0038A476 /* main.m */,
			);
			name = "Supporting Files";
			sourceTree = "<group>";
		};
/* End PBXGroup section */

/* Begin PBXNativeTarget section */
		47A3AB221D5B1F3C0038A476 /* Block */ = {
			isa = PBXNativeTarget;
			buildConfigurationList = 47A3AB3A1D5B1F3C0038A476 /* Build configuration list for PBXNativeTarget "Block" */;
			buildPhases = (
				47A3AB1F1D5B1F3C0038A476 /* Sources */,
				47A3AB201D5B1F3C0038A476 /* Frameworks */,
				47A3AB211D5B1F3C0038A476 /* Resources */,
			);
			buildRules = (
			);
			dependencies = (
			);
			name = Block;
			productName = Block;
			productReference = 47A3AB231D5B1F3C0038A476 /* Block.app */;
			productType = "com.apple.product-type.application";
		};
/* End PBXNativeTarget section */

/* Begin PBXProject section */
		47A3AB1B1D5B1F3C0038A476 /* Project object */ = {
			isa = PBXProject;
			attributes = {
				LastUpgradeCheck = 0730;
				ORGANIZATIONNAME = HChong;
				TargetAttributes = {
					47A3AB221D5B1F3C0038A476 = {
						CreatedOnToolsVersion = 7.3;
					};
				};
			};
			buildConfigurationList = 47A3AB1E1D5B1F3C0038A476 /* Build configuration list for PBXProject "Block" */;
			compatibilityVersion = "Xcode 3.2";
			developmentRegion = English;
			hasScannedForEncodings = 0;
			knownRegions = (
				en,
				Base,
			);
			mainGroup = 47A3AB1A1D5B1F3C0038A476;
			productRefGroup = 47A3AB241D5B1F3C0038A476 /* Products */;
			projectDirPath = "";
			projectRoot = "";
			targets = (
				47A3AB221D5B1F3C0038A476 /* Block */,
			);
		};
/* End PBXProject section */

/* Begin PBXResourcesBuildPhase section */
		47A3AB211D5B1F3C0038A476 /* Resources */ = {
			isa = PBXResourcesBuildPhase;
			buildActionMask = 2147483647;
			files = (
				47A3AB361D5B1F3C0038A476 /* LaunchScreen.storyboard in Resources */,
				47A3AB331D5B1F3C0038A476 /* Assets.xcassets in Resources */,
				47A3AB311D5B1F3C0038A476 /* Main.storyboard in Resources */,
			);
			runOnlyForDeploymentPostprocessing = 0;
		};
/* End PBXResourcesBuildPhase section */

/* Begin PBXSourcesBuildPhase section */
		47A3AB1F1D5B1F3C0038A476 /* Sources */ = {
			isa = PBXSourcesBuildPhase;
			buildActionMask = 2147483647;
			files = (
				47A3AB2E1D5B1F3C0038A476 /* ViewController.m in Sources */,
				47A3AB2B1D5B1F3C0038A476 /* AppDelegate.m in Sources */,
				47A3AB281D5B1F3C0038A476 /* main.m in Sources */,
				47A3AB3F1D5B1F550038A476 /* FirstViewController.m in Sources */,
				47A3AB421D5C7EBD0038A476 /* DownLoadManager.m in Sources */,
			);
			runOnlyForDeploymentPostprocessing = 0;
		};
/* End PBXSourcesBuildPhase section */

/* Begin PBXVariantGroup section */
		47A3AB2F1D5B1F3C0038A476 /* Main.storyboard */ = {
			isa = PBXVariantGroup;
			children = (
				47A3AB301D5B1F3C0038A476 /* Base */,
			);
			name = Main.storyboard;
			sourceTree = "<group>";
		};
		47A3AB341D5B1F3C0038A476 /* LaunchScreen.storyboard */ = {
			isa = PBXVariantGroup;
			children = (
				47A3AB351D5B1F3C0038A476 /* Base */,
			);
			name = LaunchScreen.storyboard;
			sourceTree = "<group>";
		};
/* End PBXVariantGroup section */

/* Begin XCBuildConfiguration section */
		47A3AB381D5B1F3C0038A476 /* Debug */ = {
			isa = XCBuildConfiguration;
			buildSettings = {
				ALWAYS_SEARCH_USER_PATHS = NO;
				CLANG_ANALYZER_NONNULL = YES;
				CLANG_CXX_LANGUAGE_STANDARD = "gnu++0x";
				CLANG_CXX_LIBRARY = "libc++";
				CLANG_ENABLE_MODULES = YES;
				CLANG_ENABLE_OBJC_ARC = YES;
				CLANG_WARN_BOOL_CONVERSION = YES;
				CLANG_WARN_CONSTANT_CONVERSION = YES;
				CLANG_WARN_DIRECT_OBJC_ISA_USAGE = YES_ERROR;
				CLANG_WARN_EMPTY_BODY = YES;
				CLANG_WARN_ENUM_CONVERSION = YES;
				CLANG_WARN_INT_CONVERSION = YES;
				CLANG_WARN_OBJC_ROOT_CLASS = YES_ERROR;
				CLANG_WARN_UNREACHABLE_CODE = YES;
				CLANG_WARN__DUPLICATE_METHOD_MATCH = YES;
				"CODE_SIGN_IDENTITY[sdk=iphoneos*]" = "iPhone Developer";
				COPY_PHASE_STRIP = NO;
				DEBUG_INFORMATION_FORMAT = dwarf;
				ENABLE_STRICT_OBJC_MSGSEND = YES;
				ENABLE_TESTABILITY = YES;
				GCC_C_LANGUAGE_STANDARD = gnu99;
				GCC_DYNAMIC_NO_PIC = NO;
				GCC_NO_COMMON_BLOCKS = YES;
				GCC_OPTIMIZATION_LEVEL = 0;
				GCC_PREPROCESSOR_DEFINITIONS = (
					"DEBUG=1",
					"$(inherited)",
				);
				GCC_WARN_64_TO_32_BIT_CONVERSION = YES;
				GCC_WARN_ABOUT_RETURN_TYPE = YES_ERROR;
				GCC_WARN_UNDECLARED_SELECTOR = YES;
				GCC_WARN_UNINITIALIZED_AUTOS = YES_AGGRESSIVE;
				GCC_WARN_UNUSED_FUNCTION = YES;
				GCC_WARN_UNUSED_VARIABLE = YES;
				IPHONEOS_DEPLOYMENT_TARGET = 9.3;
				MTL_ENABLE_DEBUG_INFO = YES;
				ONLY_ACTIVE_ARCH = YES;
				SDKROOT = iphoneos;
				TARGETED_DEVICE_FAMILY = "1,2";
			};
			name = Debug;
		};
		47A3AB391D5B1F3C0038A476 /* Release */ = {
			isa = XCBuildConfiguration;
			buildSettings = {
				ALWAYS_SEARCH_USER_PATHS = NO;
				CLANG_ANALYZER_NONNULL = YES;
				CLANG_CXX_LANGUAGE_STANDARD = "gnu++0x";
				CLANG_CXX_LIBRARY = "libc++";
				CLANG_ENABLE_MODULES = YES;
				CLANG_ENABLE_OBJC_ARC = YES;
				CLANG_WARN_BOOL_CONVERSION = YES;
				CLANG_WARN_CONSTANT_CONVERSION = YES;
				CLANG_WARN_DIRECT_OBJC_ISA_USAGE = YES_ERROR;
				CLANG_WARN_EMPTY_BODY = YES;
				CLANG_WARN_ENUM_CONVERSION = YES;
				CLANG_WARN_INT_CONVERSION = YES;
				CLANG_WARN_OBJC_ROOT_CLASS = YES_ERROR;
				CLANG_WARN_UNREACHABLE_CODE = YES;
				CLANG_WARN__DUPLICATE_METHOD_MATCH = YES;
				"CODE_SIGN_IDENTITY[sdk=iphoneos*]" = "iPhone Developer";
				COPY_PHASE_STRIP = NO;
				DEBUG_INFORMATION_FORMAT = "dwarf-with-dsym";
				ENABLE_NS_ASSERTIONS = NO;
				ENABLE_STRICT_OBJC_MSGSEND = YES;
				GCC_C_LANGUAGE_STANDARD = gnu99;
				GCC_NO_COMMON_BLOCKS = YES;
				GCC_WARN_64_TO_32_BIT_CONVERSION = YES;
				GCC_WARN_ABOUT_RETURN_TYPE = YES_ERROR;
				GCC_WARN_UNDECLARED_SELECTOR = YES;
				GCC_WARN_UNINITIALIZED_AUTOS = YES_AGGRESSIVE;
				GCC_WARN_UNUSED_FUNCTION = YES;
				GCC_WARN_UNUSED_VARIABLE = YES;
				IPHONEOS_DEPLOYMENT_TARGET = 9.3;
				MTL_ENABLE_DEBUG_INFO = NO;
				SDKROOT = iphoneos;
				TARGETED_DEVICE_FAMILY = "1,2";
				VALIDATE_PRODUCT = YES;
			};
			name = Release;
		};
		47A3AB3B1D5B1F3C0038A476 /* Debug */ = {
			isa = XCBuildConfiguration;
			buildSettings = {
				ASSETCATALOG_COMPILER_APPICON_NAME = AppIcon;
				INFOPLIST_FILE = Block/Info.plist;
				LD_RUNPATH_SEARCH_PATHS = "$(inherited) @executable_path/Frameworks";
				PRODUCT_BUNDLE_IDENTIFIER = com.HC.Block;
				PRODUCT_NAME = "$(TARGET_NAME)";
			};
			name = Debug;
		};
		47A3AB3C1D5B1F3C0038A476 /* Release */ = {
			isa = XCBuildConfiguration;
			buildSettings = {
				ASSETCATALOG_COMPILER_APPICON_NAME = AppIcon;
				INFOPLIST_FILE = Block/Info.plist;
				LD_RUNPATH_SEARCH_PATHS = "$(inherited) @executable_path/Frameworks";
				PRODUCT_BUNDLE_IDENTIFIER = com.HC.Block;
				PRODUCT_NAME = "$(TARGET_NAME)";
			};
			name = Release;
		};
/* End XCBuildConfiguration section */

/* Begin XCConfigurationList section */
		47A3AB1E1D5B1F3C0038A476 /* Build configuration list for PBXProject "Block" */ = {
			isa = XCConfigurationList;
			buildConfigurations = (
				47A3AB381D5B1F3C0038A476 /* Debug */,
				47A3AB391D5B1F3C0038A476 /* Release */,
			);
			defaultConfigurationIsVisible = 0;
			defaultConfigurationName = Release;
		};
		47A3AB3A1D5B1F3C0038A476 /* Build configuration list for PBXNativeTarget "Block" */ = {
			isa = XCConfigurationList;
			buildConfigurations = (
				47A3AB3B1D5B1F3C0038A476 /* Debug */,
				47A3AB3C1D5B1F3C0038A476 /* Release */,
			);
			defaultConfigurationIsVisible = 0;
		};
/* End XCConfigurationList section */
	};
	rootObject = 47A3AB1B1D5B1F3C0038A476 /* Project object */;
}
